
Microsoft Visual Studio Solution File, Format Version 12.00
# Visual Studio Version 17
VisualStudioVersion = 17.8.34525.116
MinimumVisualStudioVersion = 10.0.40219.1
Project("{9A19103F-16F7-4668-BE54-9A1E7A4F7556}") = "JKCrafts", "JKCrafts\JKCrafts.csproj", "{918294CE-3FB3-477A-A09A-21846E4BDF35}"
EndProject
Global
	GlobalSection(SolutionConfigurationPlatforms) = preSolution
		Debug|Any CPU = Debug|Any CPU
		Release|Any CPU = Release|Any CPU
	EndGlobalSection
	GlobalSection(ProjectConfigurationPlatforms) = postSolution
		{918294CE-3FB3-477A-A09A-21846E4BDF35}.Debug|Any CPU.ActiveCfg = Debug|Any CPU
		{918294CE-3FB3-477A-A09A-21846E4BDF35}.Debug|Any CPU.Build.0 = Debug|Any CPU
		{918294CE-3FB3-477A-A09A-21846E4BDF35}.Release|Any CPU.ActiveCfg = Release|Any CPU
		{918294CE-3FB3-477A-A09A-21846E4BDF35}.Release|Any CPU.Build.0 = Release|Any CPU
	EndGlobalSection
	GlobalSection(SolutionProperties) = preSolution
		HideSolutionNode = FALSE
	EndGlobalSection
	GlobalSection(ExtensibilityGlobals) = postSolution
		SolutionGuid = {586F5BF8-6D6D-467C-9BDC-BC22A5C219BA}
	EndGlobalSection
EndGlobal
